
Microsoft Visual Studio Solution File, Format Version 12.00
# Visual Studio 15
VisualStudioVersion = 15.0.26730.3
MinimumVisualStudioVersion = 10.0.40219.1
Project("{FAE04EC0-301F-11D3-BF4B-00C04F79EFBC}") = "ArcDocuments.Core", "ArcDocuments.Core\ArcDocuments.Core.csproj", "{0FCE51F4-CF22-4B4C-BF42-A137CC8738D8}"
EndProject
Project("{FAE04EC0-301F-11D3-BF4B-00C04F79EFBC}") = "ArcDocuments.Core.Test", "ArcDocuments.Core.Test\ArcDocuments.Core.Test.csproj", "{AE590D9C-3FE2-43F1-B857-3B84C070A139}"
EndProject
Global
	GlobalSection(SolutionConfigurationPlatforms) = preSolution
		Debug|Any CPU = Debug|Any CPU
		Release|Any CPU = Release|Any CPU
	EndGlobalSection
	GlobalSection(ProjectConfigurationPlatforms) = postSolution
		{0FCE51F4-CF22-4B4C-BF42-A137CC8738D8}.Debug|Any CPU.ActiveCfg = Debug|Any CPU
		{0FCE51F4-CF22-4B4C-BF42-A137CC8738D8}.Debug|Any CPU.Build.0 = Debug|Any CPU
		{0FCE51F4-CF22-4B4C-BF42-A137CC8738D8}.Release|Any CPU.ActiveCfg = Release|Any CPU
		{0FCE51F4-CF22-4B4C-BF42-A137CC8738D8}.Release|Any CPU.Build.0 = Release|Any CPU
		{AE590D9C-3FE2-43F1-B857-3B84C070A139}.Debug|Any CPU.ActiveCfg = Debug|Any CPU
		{AE590D9C-3FE2-43F1-B857-3B84C070A139}.Debug|Any CPU.Build.0 = Debug|Any CPU
		{AE590D9C-3FE2-43F1-B857-3B84C070A139}.Release|Any CPU.ActiveCfg = Release|Any CPU
		{AE590D9C-3FE2-43F1-B857-3B84C070A139}.Release|Any CPU.Build.0 = Release|Any CPU
	EndGlobalSection
	GlobalSection(SolutionProperties) = preSolution
		HideSolutionNode = FALSE
	EndGlobalSection
	GlobalSection(ExtensibilityGlobals) = postSolution
		SolutionGuid = {5B86936E-95AC-4712-A811-30E180110032}
	EndGlobalSection
EndGlobal
